
Microsoft Visual Studio Solution File, Format Version 12.00
# Visual Studio 15
VisualStudioVersion = 15.0.28307.705
MinimumVisualStudioVersion = 10.0.40219.1
Project("{FAE04EC0-301F-11D3-BF4B-00C04F79EFBC}") = "YahtzeeGame", "YahtzeeGame\YahtzeeGame.csproj", "{DED1694B-45B4-4B09-A7BB-67BAF3BD186B}"
EndProject
Global
	GlobalSection(SolutionConfigurationPlatforms) = preSolution
		Debug|Any CPU = Debug|Any CPU
		Release|Any CPU = Release|Any CPU
	EndGlobalSection
	GlobalSection(ProjectConfigurationPlatforms) = postSolution
		{DED1694B-45B4-4B09-A7BB-67BAF3BD186B}.Debug|Any CPU.ActiveCfg = Debug|Any CPU
		{DED1694B-45B4-4B09-A7BB-67BAF3BD186B}.Debug|Any CPU.Build.0 = Debug|Any CPU
		{DED1694B-45B4-4B09-A7BB-67BAF3BD186B}.Release|Any CPU.ActiveCfg = Release|Any CPU
		{DED1694B-45B4-4B09-A7BB-67BAF3BD186B}.Release|Any CPU.Build.0 = Release|Any CPU
	EndGlobalSection
	GlobalSection(SolutionProperties) = preSolution
		HideSolutionNode = FALSE
	EndGlobalSection
	GlobalSection(ExtensibilityGlobals) = postSolution
		SolutionGuid = {8F6E56DC-29BF-40ED-A3A5-4D35BDAF954E}
	EndGlobalSection
EndGlobal
